{
  "lockfileVersion": 1,
  "workspaces": {
    "": {
      "name": "setup-gitops-cli",
      "dependencies": {
        "@actions/cache": "4.0.0",
        "@actions/core": "^1.10.0",
        "@actions/exec": "^1.1.1",
        "@actions/github": "^6.0.0",
        "@actions/glob": "0.5.0",
        "@actions/io": "^1.1.2",
        "@actions/tool-cache": "^2.0.1",
        "uuid": "^11.0.4",
      },
      "devDependencies": {
        "@types/node": "22.10.5",
        "esbuild": "0.24.2",
        "prettier": "3.4.2",
        "typescript": "5.7.2",
      },
    },
  },
  "packages": {
    "@actions/cache": [
      "@actions/cache@4.0.0",
      "",
      {
        "dependencies": {
          "@actions/core": "^1.11.1",
          "@actions/exec": "^1.0.1",
          "@actions/glob": "^0.1.0",
          "@actions/http-client": "^2.1.1",
          "@actions/io": "^1.0.1",
          "@azure/abort-controller": "^1.1.0",
          "@azure/ms-rest-js": "^2.6.0",
          "@azure/storage-blob": "^12.13.0",
          "@protobuf-ts/plugin": "^2.9.4",
          "semver": "^6.3.1",
          "twirp-ts": "^2.5.0",
        },
      },
      "sha512-WIuxjnZ44lNYtIS4fqSaYvF00hORdy3cSin+jx8xNgBVGWnNIAiCBHjlwusVQlcgExoQC9pHXGrDsZyZr7rCDQ==",
    ],

    "@actions/core": [
      "@actions/core@1.11.1",
      "",
      {
        "dependencies": {
          "@actions/exec": "^1.1.1",
          "@actions/http-client": "^2.0.1",
        },
      },
      "sha512-hXJCSrkwfA46Vd9Z3q4cpEpHB1rL5NG04+/rbqW9d3+CSvtB1tYe8UTpAlixa1vj0m/ULglfEK2UKxMGxCxv5A==",
    ],

    "@actions/exec": [
      "@actions/exec@1.1.1",
      "",
      { "dependencies": { "@actions/io": "^1.0.1" } },
      "sha512-+sCcHHbVdk93a0XT19ECtO/gIXoxvdsgQLzb2fE2/5sIZmWQuluYyjPQtrtTHdU1YzTZ7bAPN4sITq2xi1679w==",
    ],

    "@actions/github": [
      "@actions/github@6.0.0",
      "",
      {
        "dependencies": {
          "@actions/http-client": "^2.2.0",
          "@octokit/core": "^5.0.1",
          "@octokit/plugin-paginate-rest": "^9.0.0",
          "@octokit/plugin-rest-endpoint-methods": "^10.0.0",
        },
      },
      "sha512-alScpSVnYmjNEXboZjarjukQEzgCRmjMv6Xj47fsdnqGS73bjJNDpiiXmp8jr0UZLdUB6d9jW63IcmddUP+l0g==",
    ],

    "@actions/glob": [
      "@actions/glob@0.5.0",
      "",
      { "dependencies": { "@actions/core": "^1.9.1", "minimatch": "^3.0.4" } },
      "sha512-tST2rjPvJLRZLuT9NMUtyBjvj9Yo0MiJS3ow004slMvm8GFM+Zv9HvMJ7HWzfUyJnGrJvDsYkWBaaG3YKXRtCw==",
    ],

    "@actions/http-client": [
      "@actions/http-client@2.2.3",
      "",
      { "dependencies": { "tunnel": "^0.0.6", "undici": "^5.25.4" } },
      "sha512-mx8hyJi/hjFvbPokCg4uRd4ZX78t+YyRPtnKWwIl+RzNaVuFpQHfmlGVfsKEJN8LwTCvL+DfVgAM04XaHkm6bA==",
    ],

    "@actions/io": [
      "@actions/io@1.1.3",
      "",
      {},
      "sha512-wi9JjgKLYS7U/z8PPbco+PvTb/nRWjeoFlJ1Qer83k/3C5PHQi28hiVdeE2kHXmIL99mQFawx8qt/JPjZilJ8Q==",
    ],

    "@actions/tool-cache": [
      "@actions/tool-cache@2.0.2",
      "",
      {
        "dependencies": {
          "@actions/core": "^1.11.1",
          "@actions/exec": "^1.0.0",
          "@actions/http-client": "^2.0.1",
          "@actions/io": "^1.1.1",
          "semver": "^6.1.0",
        },
      },
      "sha512-fBhNNOWxuoLxztQebpOaWu6WeVmuwa77Z+DxIZ1B+OYvGkGQon6kTVg6Z32Cb13WCuw0szqonK+hh03mJV7Z6w==",
    ],

    "@azure/abort-controller": [
      "@azure/abort-controller@1.1.0",
      "",
      { "dependencies": { "tslib": "^2.2.0" } },
      "sha512-TrRLIoSQVzfAJX9H1JeFjzAoDGcoK1IYX1UImfceTZpsyYfWr09Ss1aHW1y5TrrR3iq6RZLBwJ3E24uwPhwahw==",
    ],

    "@azure/core-auth": [
      "@azure/core-auth@1.9.0",
      "",
      {
        "dependencies": {
          "@azure/abort-controller": "^2.0.0",
          "@azure/core-util": "^1.11.0",
          "tslib": "^2.6.2",
        },
      },
      "sha512-FPwHpZywuyasDSLMqJ6fhbOK3TqUdviZNF8OqRGA4W5Ewib2lEEZ+pBsYcBa88B2NGO/SEnYPGhyBqNlE8ilSw==",
    ],

    "@azure/core-client": [
      "@azure/core-client@1.9.3",
      "",
      {
        "dependencies": {
          "@azure/abort-controller": "^2.0.0",
          "@azure/core-auth": "^1.4.0",
          "@azure/core-rest-pipeline": "^1.9.1",
          "@azure/core-tracing": "^1.0.0",
          "@azure/core-util": "^1.6.1",
          "@azure/logger": "^1.0.0",
          "tslib": "^2.6.2",
        },
      },
      "sha512-/wGw8fJ4mdpJ1Cum7s1S+VQyXt1ihwKLzfabS1O/RDADnmzVc01dHn44qD0BvGH6KlZNzOMW95tEpKqhkCChPA==",
    ],

    "@azure/core-http-compat": [
      "@azure/core-http-compat@2.2.0",
      "",
      {
        "dependencies": {
          "@azure/abort-controller": "^2.0.0",
          "@azure/core-client": "^1.3.0",
          "@azure/core-rest-pipeline": "^1.19.0",
        },
      },
      "sha512-1kW8ZhN0CfbNOG6C688z5uh2yrzALE7dDXHiR9dY4vt+EbhGZQSbjDa5bQd2rf3X2pdWMsXbqbArxUyeNdvtmg==",
    ],

    "@azure/core-lro": [
      "@azure/core-lro@2.7.2",
      "",
      {
        "dependencies": {
          "@azure/abort-controller": "^2.0.0",
          "@azure/core-util": "^1.2.0",
          "@azure/logger": "^1.0.0",
          "tslib": "^2.6.2",
        },
      },
      "sha512-0YIpccoX8m/k00O7mDDMdJpbr6mf1yWo2dfmxt5A8XVZVVMz2SSKaEbMCeJRvgQ0IaSlqhjT47p4hVIRRy90xw==",
    ],

    "@azure/core-paging": [
      "@azure/core-paging@1.6.2",
      "",
      { "dependencies": { "tslib": "^2.6.2" } },
      "sha512-YKWi9YuCU04B55h25cnOYZHxXYtEvQEbKST5vqRga7hWY9ydd3FZHdeQF8pyh+acWZvppw13M/LMGx0LABUVMA==",
    ],

    "@azure/core-rest-pipeline": [
      "@azure/core-rest-pipeline@1.19.1",
      "",
      {
        "dependencies": {
          "@azure/abort-controller": "^2.0.0",
          "@azure/core-auth": "^1.8.0",
          "@azure/core-tracing": "^1.0.1",
          "@azure/core-util": "^1.11.0",
          "@azure/logger": "^1.0.0",
          "http-proxy-agent": "^7.0.0",
          "https-proxy-agent": "^7.0.0",
          "tslib": "^2.6.2",
        },
      },
      "sha512-zHeoI3NCs53lLBbWNzQycjnYKsA1CVKlnzSNuSFcUDwBp8HHVObePxrM7HaX+Ha5Ks639H7chNC9HOaIhNS03w==",
    ],

    "@azure/core-tracing": [
      "@azure/core-tracing@1.2.0",
      "",
      { "dependencies": { "tslib": "^2.6.2" } },
      "sha512-UKTiEJPkWcESPYJz3X5uKRYyOcJD+4nYph+KpfdPRnQJVrZfk0KJgdnaAWKfhsBBtAf/D58Az4AvCJEmWgIBAg==",
    ],

    "@azure/core-util": [
      "@azure/core-util@1.11.0",
      "",
      {
        "dependencies": {
          "@azure/abort-controller": "^2.0.0",
          "tslib": "^2.6.2",
        },
      },
      "sha512-DxOSLua+NdpWoSqULhjDyAZTXFdP/LKkqtYuxxz1SCN289zk3OG8UOpnCQAz/tygyACBtWp/BoO72ptK7msY8g==",
    ],

    "@azure/core-xml": [
      "@azure/core-xml@1.4.5",
      "",
      { "dependencies": { "fast-xml-parser": "^5.0.7", "tslib": "^2.8.1" } },
      "sha512-gT4H8mTaSXRz7eGTuQyq1aIJnJqeXzpOe9Ay7Z3FrCouer14CbV3VzjnJrNrQfbBpGBLO9oy8BmrY75A0p53cA==",
    ],

    "@azure/logger": [
      "@azure/logger@1.1.4",
      "",
      { "dependencies": { "tslib": "^2.6.2" } },
      "sha512-4IXXzcCdLdlXuCG+8UKEwLA1T1NHqUfanhXYHiQTn+6sfWCZXduqbtXDGceg3Ce5QxTGo7EqmbV6Bi+aqKuClQ==",
    ],

    "@azure/ms-rest-js": [
      "@azure/ms-rest-js@2.7.0",
      "",
      {
        "dependencies": {
          "@azure/core-auth": "^1.1.4",
          "abort-controller": "^3.0.0",
          "form-data": "^2.5.0",
          "node-fetch": "^2.6.7",
          "tslib": "^1.10.0",
          "tunnel": "0.0.6",
          "uuid": "^8.3.2",
          "xml2js": "^0.5.0",
        },
      },
      "sha512-ngbzWbqF+NmztDOpLBVDxYM+XLcUj7nKhxGbSU9WtIsXfRB//cf2ZbAG5HkOrhU9/wd/ORRB6lM/d69RKVjiyA==",
    ],

    "@azure/storage-blob": [
      "@azure/storage-blob@12.27.0",
      "",
      {
        "dependencies": {
          "@azure/abort-controller": "^2.1.2",
          "@azure/core-auth": "^1.4.0",
          "@azure/core-client": "^1.6.2",
          "@azure/core-http-compat": "^2.0.0",
          "@azure/core-lro": "^2.2.0",
          "@azure/core-paging": "^1.1.1",
          "@azure/core-rest-pipeline": "^1.10.1",
          "@azure/core-tracing": "^1.1.2",
          "@azure/core-util": "^1.6.1",
          "@azure/core-xml": "^1.4.3",
          "@azure/logger": "^1.0.0",
          "events": "^3.0.0",
          "tslib": "^2.2.0",
        },
      },
      "sha512-IQjj9RIzAKatmNca3D6bT0qJ+Pkox1WZGOg2esJF2YLHb45pQKOwGPIAV+w3rfgkj7zV3RMxpn/c6iftzSOZJQ==",
    ],

    "@esbuild/aix-ppc64": [
      "@esbuild/aix-ppc64@0.24.2",
      "",
      { "os": "aix", "cpu": "ppc64" },
      "sha512-thpVCb/rhxE/BnMLQ7GReQLLN8q9qbHmI55F4489/ByVg2aQaQ6kbcLb6FHkocZzQhxc4gx0sCk0tJkKBFzDhA==",
    ],

    "@esbuild/android-arm": [
      "@esbuild/android-arm@0.24.2",
      "",
      { "os": "android", "cpu": "arm" },
      "sha512-tmwl4hJkCfNHwFB3nBa8z1Uy3ypZpxqxfTQOcHX+xRByyYgunVbZ9MzUUfb0RxaHIMnbHagwAxuTL+tnNM+1/Q==",
    ],

    "@esbuild/android-arm64": [
      "@esbuild/android-arm64@0.24.2",
      "",
      { "os": "android", "cpu": "arm64" },
      "sha512-cNLgeqCqV8WxfcTIOeL4OAtSmL8JjcN6m09XIgro1Wi7cF4t/THaWEa7eL5CMoMBdjoHOTh/vwTO/o2TRXIyzg==",
    ],

    "@esbuild/android-x64": [
      "@esbuild/android-x64@0.24.2",
      "",
      { "os": "android", "cpu": "x64" },
      "sha512-B6Q0YQDqMx9D7rvIcsXfmJfvUYLoP722bgfBlO5cGvNVb5V/+Y7nhBE3mHV9OpxBf4eAS2S68KZztiPaWq4XYw==",
    ],

    "@esbuild/darwin-arm64": [
      "@esbuild/darwin-arm64@0.24.2",
      "",
      { "os": "darwin", "cpu": "arm64" },
      "sha512-kj3AnYWc+CekmZnS5IPu9D+HWtUI49hbnyqk0FLEJDbzCIQt7hg7ucF1SQAilhtYpIujfaHr6O0UHlzzSPdOeA==",
    ],

    "@esbuild/darwin-x64": [
      "@esbuild/darwin-x64@0.24.2",
      "",
      { "os": "darwin", "cpu": "x64" },
      "sha512-WeSrmwwHaPkNR5H3yYfowhZcbriGqooyu3zI/3GGpF8AyUdsrrP0X6KumITGA9WOyiJavnGZUwPGvxvwfWPHIA==",
    ],

    "@esbuild/freebsd-arm64": [
      "@esbuild/freebsd-arm64@0.24.2",
      "",
      { "os": "freebsd", "cpu": "arm64" },
      "sha512-UN8HXjtJ0k/Mj6a9+5u6+2eZ2ERD7Edt1Q9IZiB5UZAIdPnVKDoG7mdTVGhHJIeEml60JteamR3qhsr1r8gXvg==",
    ],

    "@esbuild/freebsd-x64": [
      "@esbuild/freebsd-x64@0.24.2",
      "",
      { "os": "freebsd", "cpu": "x64" },
      "sha512-TvW7wE/89PYW+IevEJXZ5sF6gJRDY/14hyIGFXdIucxCsbRmLUcjseQu1SyTko+2idmCw94TgyaEZi9HUSOe3Q==",
    ],

    "@esbuild/linux-arm": [
      "@esbuild/linux-arm@0.24.2",
      "",
      { "os": "linux", "cpu": "arm" },
      "sha512-n0WRM/gWIdU29J57hJyUdIsk0WarGd6To0s+Y+LwvlC55wt+GT/OgkwoXCXvIue1i1sSNWblHEig00GBWiJgfA==",
    ],

    "@esbuild/linux-arm64": [
      "@esbuild/linux-arm64@0.24.2",
      "",
      { "os": "linux", "cpu": "arm64" },
      "sha512-7HnAD6074BW43YvvUmE/35Id9/NB7BeX5EoNkK9obndmZBUk8xmJJeU7DwmUeN7tkysslb2eSl6CTrYz6oEMQg==",
    ],

    "@esbuild/linux-ia32": [
      "@esbuild/linux-ia32@0.24.2",
      "",
      { "os": "linux", "cpu": "ia32" },
      "sha512-sfv0tGPQhcZOgTKO3oBE9xpHuUqguHvSo4jl+wjnKwFpapx+vUDcawbwPNuBIAYdRAvIDBfZVvXprIj3HA+Ugw==",
    ],

    "@esbuild/linux-loong64": [
      "@esbuild/linux-loong64@0.24.2",
      "",
      { "os": "linux", "cpu": "none" },
      "sha512-CN9AZr8kEndGooS35ntToZLTQLHEjtVB5n7dl8ZcTZMonJ7CCfStrYhrzF97eAecqVbVJ7APOEe18RPI4KLhwQ==",
    ],

    "@esbuild/linux-mips64el": [
      "@esbuild/linux-mips64el@0.24.2",
      "",
      { "os": "linux", "cpu": "none" },
      "sha512-iMkk7qr/wl3exJATwkISxI7kTcmHKE+BlymIAbHO8xanq/TjHaaVThFF6ipWzPHryoFsesNQJPE/3wFJw4+huw==",
    ],

    "@esbuild/linux-ppc64": [
      "@esbuild/linux-ppc64@0.24.2",
      "",
      { "os": "linux", "cpu": "ppc64" },
      "sha512-shsVrgCZ57Vr2L8mm39kO5PPIb+843FStGt7sGGoqiiWYconSxwTiuswC1VJZLCjNiMLAMh34jg4VSEQb+iEbw==",
    ],

    "@esbuild/linux-riscv64": [
      "@esbuild/linux-riscv64@0.24.2",
      "",
      { "os": "linux", "cpu": "none" },
      "sha512-4eSFWnU9Hhd68fW16GD0TINewo1L6dRrB+oLNNbYyMUAeOD2yCK5KXGK1GH4qD/kT+bTEXjsyTCiJGHPZ3eM9Q==",
    ],

    "@esbuild/linux-s390x": [
      "@esbuild/linux-s390x@0.24.2",
      "",
      { "os": "linux", "cpu": "s390x" },
      "sha512-S0Bh0A53b0YHL2XEXC20bHLuGMOhFDO6GN4b3YjRLK//Ep3ql3erpNcPlEFed93hsQAjAQDNsvcK+hV90FubSw==",
    ],

    "@esbuild/linux-x64": [
      "@esbuild/linux-x64@0.24.2",
      "",
      { "os": "linux", "cpu": "x64" },
      "sha512-8Qi4nQcCTbLnK9WoMjdC9NiTG6/E38RNICU6sUNqK0QFxCYgoARqVqxdFmWkdonVsvGqWhmm7MO0jyTqLqwj0Q==",
    ],

    "@esbuild/netbsd-arm64": [
      "@esbuild/netbsd-arm64@0.24.2",
      "",
      { "os": "none", "cpu": "arm64" },
      "sha512-wuLK/VztRRpMt9zyHSazyCVdCXlpHkKm34WUyinD2lzK07FAHTq0KQvZZlXikNWkDGoT6x3TD51jKQ7gMVpopw==",
    ],

    "@esbuild/netbsd-x64": [
      "@esbuild/netbsd-x64@0.24.2",
      "",
      { "os": "none", "cpu": "x64" },
      "sha512-VefFaQUc4FMmJuAxmIHgUmfNiLXY438XrL4GDNV1Y1H/RW3qow68xTwjZKfj/+Plp9NANmzbH5R40Meudu8mmw==",
    ],

    "@esbuild/openbsd-arm64": [
      "@esbuild/openbsd-arm64@0.24.2",
      "",
      { "os": "openbsd", "cpu": "arm64" },
      "sha512-YQbi46SBct6iKnszhSvdluqDmxCJA+Pu280Av9WICNwQmMxV7nLRHZfjQzwbPs3jeWnuAhE9Jy0NrnJ12Oz+0A==",
    ],

    "@esbuild/openbsd-x64": [
      "@esbuild/openbsd-x64@0.24.2",
      "",
      { "os": "openbsd", "cpu": "x64" },
      "sha512-+iDS6zpNM6EnJyWv0bMGLWSWeXGN/HTaF/LXHXHwejGsVi+ooqDfMCCTerNFxEkM3wYVcExkeGXNqshc9iMaOA==",
    ],

    "@esbuild/sunos-x64": [
      "@esbuild/sunos-x64@0.24.2",
      "",
      { "os": "sunos", "cpu": "x64" },
      "sha512-hTdsW27jcktEvpwNHJU4ZwWFGkz2zRJUz8pvddmXPtXDzVKTTINmlmga3ZzwcuMpUvLw7JkLy9QLKyGpD2Yxig==",
    ],

    "@esbuild/win32-arm64": [
      "@esbuild/win32-arm64@0.24.2",
      "",
      { "os": "win32", "cpu": "arm64" },
      "sha512-LihEQ2BBKVFLOC9ZItT9iFprsE9tqjDjnbulhHoFxYQtQfai7qfluVODIYxt1PgdoyQkz23+01rzwNwYfutxUQ==",
    ],

    "@esbuild/win32-ia32": [
      "@esbuild/win32-ia32@0.24.2",
      "",
      { "os": "win32", "cpu": "ia32" },
      "sha512-q+iGUwfs8tncmFC9pcnD5IvRHAzmbwQ3GPS5/ceCyHdjXubwQWI12MKWSNSMYLJMq23/IUCvJMS76PDqXe1fxA==",
    ],

    "@esbuild/win32-x64": [
      "@esbuild/win32-x64@0.24.2",
      "",
      { "os": "win32", "cpu": "x64" },
      "sha512-7VTgWzgMGvup6aSqDPLiW5zHaxYJGTO4OokMjIlrCtf+VpEL+cXKtCvg723iguPYI5oaUNdS+/V7OU2gvXVWEg==",
    ],

    "@fastify/busboy": [
      "@fastify/busboy@2.1.1",
      "",
      {},
      "sha512-vBZP4NlzfOlerQTnba4aqZoMhE/a9HY7HRqoOPaETQcSQuWEIyZMHGfVu6w9wGtGK5fED5qRs2DteVCjOH60sA==",
    ],

    "@octokit/auth-token": [
      "@octokit/auth-token@4.0.0",
      "",
      {},
      "sha512-tY/msAuJo6ARbK6SPIxZrPBms3xPbfwBrulZe0Wtr/DIY9lje2HeV1uoebShn6mx7SjCHif6EjMvoREj+gZ+SA==",
    ],

    "@octokit/core": [
      "@octokit/core@5.2.1",
      "",
      {
        "dependencies": {
          "@octokit/auth-token": "^4.0.0",
          "@octokit/graphql": "^7.1.0",
          "@octokit/request": "^8.4.1",
          "@octokit/request-error": "^5.1.1",
          "@octokit/types": "^13.0.0",
          "before-after-hook": "^2.2.0",
          "universal-user-agent": "^6.0.0",
        },
      },
      "sha512-dKYCMuPO1bmrpuogcjQ8z7ICCH3FP6WmxpwC03yjzGfZhj9fTJg6+bS1+UAplekbN2C+M61UNllGOOoAfGCrdQ==",
    ],

    "@octokit/endpoint": [
      "@octokit/endpoint@9.0.6",
      "",
      {
        "dependencies": {
          "@octokit/types": "^13.1.0",
          "universal-user-agent": "^6.0.0",
        },
      },
      "sha512-H1fNTMA57HbkFESSt3Y9+FBICv+0jFceJFPWDePYlR/iMGrwM5ph+Dd4XRQs+8X+PUFURLQgX9ChPfhJ/1uNQw==",
    ],

    "@octokit/graphql": [
      "@octokit/graphql@7.1.1",
      "",
      {
        "dependencies": {
          "@octokit/request": "^8.4.1",
          "@octokit/types": "^13.0.0",
          "universal-user-agent": "^6.0.0",
        },
      },
      "sha512-3mkDltSfcDUoa176nlGoA32RGjeWjl3K7F/BwHwRMJUW/IteSa4bnSV8p2ThNkcIcZU2umkZWxwETSSCJf2Q7g==",
    ],

    "@octokit/openapi-types": [
      "@octokit/openapi-types@24.2.0",
      "",
      {},
      "sha512-9sIH3nSUttelJSXUrmGzl7QUBFul0/mB8HRYl3fOlgHbIWG+WnYDXU3v/2zMtAvuzZ/ed00Ei6on975FhBfzrg==",
    ],

    "@octokit/plugin-paginate-rest": [
      "@octokit/plugin-paginate-rest@9.2.2",
      "",
      {
        "dependencies": { "@octokit/types": "^12.6.0" },
        "peerDependencies": { "@octokit/core": "5" },
      },
      "sha512-u3KYkGF7GcZnSD/3UP0S7K5XUFT2FkOQdcfXZGZQPGv3lm4F2Xbf71lvjldr8c1H3nNbF+33cLEkWYbokGWqiQ==",
    ],

    "@octokit/plugin-rest-endpoint-methods": [
      "@octokit/plugin-rest-endpoint-methods@10.4.1",
      "",
      {
        "dependencies": { "@octokit/types": "^12.6.0" },
        "peerDependencies": { "@octokit/core": "5" },
      },
      "sha512-xV1b+ceKV9KytQe3zCVqjg+8GTGfDYwaT1ATU5isiUyVtlVAO3HNdzpS4sr4GBx4hxQ46s7ITtZrAsxG22+rVg==",
    ],

    "@octokit/request": [
      "@octokit/request@8.4.1",
      "",
      {
        "dependencies": {
          "@octokit/endpoint": "^9.0.6",
          "@octokit/request-error": "^5.1.1",
          "@octokit/types": "^13.1.0",
          "universal-user-agent": "^6.0.0",
        },
      },
      "sha512-qnB2+SY3hkCmBxZsR/MPCybNmbJe4KAlfWErXq+rBKkQJlbjdJeS85VI9r8UqeLYLvnAenU8Q1okM/0MBsAGXw==",
    ],

    "@octokit/request-error": [
      "@octokit/request-error@5.1.1",
      "",
      {
        "dependencies": {
          "@octokit/types": "^13.1.0",
          "deprecation": "^2.0.0",
          "once": "^1.4.0",
        },
      },
      "sha512-v9iyEQJH6ZntoENr9/yXxjuezh4My67CBSu9r6Ve/05Iu5gNgnisNWOsoJHTP6k0Rr0+HQIpnH+kyammu90q/g==",
    ],

    "@octokit/types": [
      "@octokit/types@13.10.0",
      "",
      { "dependencies": { "@octokit/openapi-types": "^24.2.0" } },
      "sha512-ifLaO34EbbPj0Xgro4G5lP5asESjwHracYJvVaPIyXMuiuXLlhic3S47cBdTb+jfODkTE5YtGCLt3Ay3+J97sA==",
    ],

    "@protobuf-ts/plugin": [
      "@protobuf-ts/plugin@2.9.6",
      "",
      {
        "dependencies": {
          "@protobuf-ts/plugin-framework": "^2.9.6",
          "@protobuf-ts/protoc": "^2.9.6",
          "@protobuf-ts/runtime": "^2.9.6",
          "@protobuf-ts/runtime-rpc": "^2.9.6",
          "typescript": "^3.9",
        },
        "bin": {
          "protoc-gen-ts": "bin/protoc-gen-ts",
          "protoc-gen-dump": "bin/protoc-gen-dump",
        },
      },
      "sha512-Wpv5rkXeu6E5Y4r0TjWE0bzRGddiTYl/RM+tLgVlS0r8CqOBqNAmlWv+s8ltf/F75rVrahUal0cpyhFwha9GRA==",
    ],

    "@protobuf-ts/plugin-framework": [
      "@protobuf-ts/plugin-framework@2.9.6",
      "",
      {
        "dependencies": {
          "@protobuf-ts/runtime": "^2.9.6",
          "typescript": "^3.9",
        },
      },
      "sha512-w7A1RXrDCiVzcaRE6YJP7FCARuAFe/Vc4SNQnHAi4CF0V6mEtyjAYEIC5BNYgIRaJEqB26zzsBQjIem3R02SCA==",
    ],

    "@protobuf-ts/protoc": [
      "@protobuf-ts/protoc@2.9.6",
      "",
      { "bin": { "protoc": "protoc.js" } },
      "sha512-c0XvAPDIBAovH9HxV8gBv8gzOTreQIqibcusrB1+DxvFiSvy+2V1tjbUmG5gJEbjk3aAOaoj0a3+QuE+P28xUw==",
    ],

    "@protobuf-ts/runtime": [
      "@protobuf-ts/runtime@2.9.6",
      "",
      {},
      "sha512-C0CfpKx4n4LBbUrajOdRj2BTbd3qBoK0SiKWLq7RgCoU6xiN4wesBMFHUOBp3fFzKeZwgU8Q2KtzaqzIvPLRXg==",
    ],

    "@protobuf-ts/runtime-rpc": [
      "@protobuf-ts/runtime-rpc@2.9.6",
      "",
      { "dependencies": { "@protobuf-ts/runtime": "^2.9.6" } },
      "sha512-0UeqDRzNxgsh08lY5eWzFJNfD3gZ8Xf+WG1HzbIAbVAigzigwjwsYNNhTeas5H3gco1U5owTzCg177aambKOOw==",
    ],

    "@types/node": [
      "@types/node@22.10.5",
      "",
      { "dependencies": { "undici-types": "~6.20.0" } },
      "sha512-F8Q+SeGimwOo86fiovQh8qiXfFEh2/ocYv7tU5pJ3EXMSSxk1Joj5wefpFK2fHTf/N6HKGSxIDBT9f3gCxXPkQ==",
    ],

    "abort-controller": [
      "abort-controller@3.0.0",
      "",
      { "dependencies": { "event-target-shim": "^5.0.0" } },
      "sha512-h8lQ8tacZYnR3vNQTgibj+tODHI5/+l06Au2Pcriv/Gmet0eaj4TwWH41sO9wnHDiQsEj19q0drzdWdeAHtweg==",
    ],

    "agent-base": [
      "agent-base@7.1.3",
      "",
      {},
      "sha512-jRR5wdylq8CkOe6hei19GGZnxM6rBGwFl3Bg0YItGDimvjGtAvdZk4Pu6Cl4u4Igsws4a1fd1Vq3ezrhn4KmFw==",
    ],

    "asynckit": [
      "asynckit@0.4.0",
      "",
      {},
      "sha512-Oei9OH4tRh0YqU3GxhX79dM/mwVgvbZJaSNaRk+bshkj0S5cfHcgYakreBjrHwatXKbz+IoIdYLxrKim2MjW0Q==",
    ],

    "balanced-match": [
      "balanced-match@1.0.2",
      "",
      {},
      "sha512-3oSeUO0TMV67hN1AmbXsK4yaqU7tjiHlbxRDZOpH0KW9+CeX4bRAaX0Anxt0tx2MrpRpWwQaPwIlISEJhYU5Pw==",
    ],

    "before-after-hook": [
      "before-after-hook@2.2.3",
      "",
      {},
      "sha512-NzUnlZexiaH/46WDhANlyR2bXRopNg4F/zuSA3OpZnllCUgRaOF2znDioDWrmbNVsuZk6l9pMquQB38cfBZwkQ==",
    ],

    "brace-expansion": [
      "brace-expansion@1.1.11",
      "",
      { "dependencies": { "balanced-match": "^1.0.0", "concat-map": "0.0.1" } },
      "sha512-iCuPHDFgrHX7H2vEI/5xpz07zSHB00TpugqhmYtVmMO6518mCuRMoOYFldEBl0g187ufozdaHgWKcYFb61qGiA==",
    ],

    "call-bind-apply-helpers": [
      "call-bind-apply-helpers@1.0.2",
      "",
      { "dependencies": { "es-errors": "^1.3.0", "function-bind": "^1.1.2" } },
      "sha512-Sp1ablJ0ivDkSzjcaJdxEunN5/XvksFJ2sMBFfq6x0ryhQV/2b/KwFe21cMpmHtPOSij8K99/wSfoEuTObmuMQ==",
    ],

    "camel-case": [
      "camel-case@4.1.2",
      "",
      { "dependencies": { "pascal-case": "^3.1.2", "tslib": "^2.0.3" } },
      "sha512-gxGWBrTT1JuMx6R+o5PTXMmUnhnVzLQ9SNutD4YqKtI6ap897t3tKECYla6gCWEkplXnlNybEkZg9GEGxKFCgw==",
    ],

    "combined-stream": [
      "combined-stream@1.0.8",
      "",
      { "dependencies": { "delayed-stream": "~1.0.0" } },
      "sha512-FQN4MRfuJeHf7cBbBMJFXhKSDq+2kAArBlmRBvcvFE5BB1HZKXtSFASDhdlz9zOYwxh8lDdnvmMOe/+5cdoEdg==",
    ],

    "commander": [
      "commander@6.2.1",
      "",
      {},
      "sha512-U7VdrJFnJgo4xjrHpTzu0yrHPGImdsmD95ZlgYSEajAn2JKzDhDTPG9kBTefmObL2w/ngeZnilk+OV9CG3d7UA==",
    ],

    "concat-map": [
      "concat-map@0.0.1",
      "",
      {},
      "sha512-/Srv4dswyQNBfohGpz9o6Yb3Gz3SrUDqBH5rTuhGR7ahtlbYKnVxw2bCFMRljaA7EXHaXZ8wsHdodFvbkhKmqg==",
    ],

    "debug": [
      "debug@4.4.0",
      "",
      { "dependencies": { "ms": "^2.1.3" } },
      "sha512-6WTZ/IxCY/T6BALoZHaE4ctp9xm+Z5kY/pzYaCHRFeyVhojxlrm+46y68HA6hr0TcwEssoxNiDEUJQjfPZ/RYA==",
    ],

    "delayed-stream": [
      "delayed-stream@1.0.0",
      "",
      {},
      "sha512-ZySD7Nf91aLB0RxL4KGrKHBXl7Eds1DAmEdcoVawXnLD7SDhpNgtuII2aAkg7a7QS41jxPSZ17p4VdGnMHk3MQ==",
    ],

    "deprecation": [
      "deprecation@2.3.1",
      "",
      {},
      "sha512-xmHIy4F3scKVwMsQ4WnVaS8bHOx0DmVwRywosKhaILI0ywMDWPtBSku2HNxRvF7jtwDRsoEwYQSfbxj8b7RlJQ==",
    ],

    "dot-object": [
      "dot-object@2.1.5",
      "",
      {
        "dependencies": { "commander": "^6.1.0", "glob": "^7.1.6" },
        "bin": { "dot-object": "bin/dot-object" },
      },
      "sha512-xHF8EP4XH/Ba9fvAF2LDd5O3IITVolerVV6xvkxoM8zlGEiCUrggpAnHyOoKJKCrhvPcGATFAUwIujj7bRG5UA==",
    ],

    "dunder-proto": [
      "dunder-proto@1.0.1",
      "",
      {
        "dependencies": {
          "call-bind-apply-helpers": "^1.0.1",
          "es-errors": "^1.3.0",
          "gopd": "^1.2.0",
        },
      },
      "sha512-KIN/nDJBQRcXw0MLVhZE9iQHmG68qAVIBg9CqmUYjmQIhgij9U5MFvrqkUL5FbtyyzZuOeOt0zdeRe4UY7ct+A==",
    ],

    "es-define-property": [
      "es-define-property@1.0.1",
      "",
      {},
      "sha512-e3nRfgfUZ4rNGL232gUgX06QNyyez04KdjFrF+LTRoOXmrOgFKDg4BCdsjW8EnT69eqdYGmRpJwiPVYNrCaW3g==",
    ],

    "es-errors": [
      "es-errors@1.3.0",
      "",
      {},
      "sha512-Zf5H2Kxt2xjTvbJvP2ZWLEICxA6j+hAmMzIlypy4xcBg1vKVnx89Wy0GbS+kf5cwCVFFzdCFh2XSCFNULS6csw==",
    ],

    "es-object-atoms": [
      "es-object-atoms@1.1.1",
      "",
      { "dependencies": { "es-errors": "^1.3.0" } },
      "sha512-FGgH2h8zKNim9ljj7dankFPcICIK9Cp5bm+c2gQSYePhpaG5+esrLODihIorn+Pe6FGJzWhXQotPv73jTaldXA==",
    ],

    "es-set-tostringtag": [
      "es-set-tostringtag@2.1.0",
      "",
      {
        "dependencies": {
          "es-errors": "^1.3.0",
          "get-intrinsic": "^1.2.6",
          "has-tostringtag": "^1.0.2",
          "hasown": "^2.0.2",
        },
      },
      "sha512-j6vWzfrGVfyXxge+O0x5sh6cvxAog0a/4Rdd2K36zCMV5eJ+/+tOAngRO8cODMNWbVRdVlmGZQL2YS3yR8bIUA==",
    ],

    "esbuild": [
      "esbuild@0.24.2",
      "",
      {
        "optionalDependencies": {
          "@esbuild/aix-ppc64": "0.24.2",
          "@esbuild/android-arm": "0.24.2",
          "@esbuild/android-arm64": "0.24.2",
          "@esbuild/android-x64": "0.24.2",
          "@esbuild/darwin-arm64": "0.24.2",
          "@esbuild/darwin-x64": "0.24.2",
          "@esbuild/freebsd-arm64": "0.24.2",
          "@esbuild/freebsd-x64": "0.24.2",
          "@esbuild/linux-arm": "0.24.2",
          "@esbuild/linux-arm64": "0.24.2",
          "@esbuild/linux-ia32": "0.24.2",
          "@esbuild/linux-loong64": "0.24.2",
          "@esbuild/linux-mips64el": "0.24.2",
          "@esbuild/linux-ppc64": "0.24.2",
          "@esbuild/linux-riscv64": "0.24.2",
          "@esbuild/linux-s390x": "0.24.2",
          "@esbuild/linux-x64": "0.24.2",
          "@esbuild/netbsd-arm64": "0.24.2",
          "@esbuild/netbsd-x64": "0.24.2",
          "@esbuild/openbsd-arm64": "0.24.2",
          "@esbuild/openbsd-x64": "0.24.2",
          "@esbuild/sunos-x64": "0.24.2",
          "@esbuild/win32-arm64": "0.24.2",
          "@esbuild/win32-ia32": "0.24.2",
          "@esbuild/win32-x64": "0.24.2",
        },
        "bin": { "esbuild": "bin/esbuild" },
      },
      "sha512-+9egpBW8I3CD5XPe0n6BfT5fxLzxrlDzqydF3aviG+9ni1lDC/OvMHcxqEFV0+LANZG5R1bFMWfUrjVsdwxJvA==",
    ],

    "event-target-shim": [
      "event-target-shim@5.0.1",
      "",
      {},
      "sha512-i/2XbnSz/uxRCU6+NdVJgKWDTM427+MqYbkQzD321DuCQJUqOuJKIA0IM2+W2xtYHdKOmZ4dR6fExsd4SXL+WQ==",
    ],

    "events": [
      "events@3.3.0",
      "",
      {},
      "sha512-mQw+2fkQbALzQ7V0MY0IqdnXNOeTtP4r0lN9z7AAawCXgqea7bDii20AYrIBrFd/Hx0M2Ocz6S111CaFkUcb0Q==",
    ],

    "fast-xml-parser": [
      "fast-xml-parser@5.2.0",
      "",
      {
        "dependencies": { "strnum": "^2.0.5" },
        "bin": { "fxparser": "src/cli/cli.js" },
      },
      "sha512-Uw9+Mjt4SBRud1IcaYuW/O0lW8SKKdMl5g7g24HiIuyH5fQSD+AVLybSlJtqLYEbytVFjWQa5DMGcNgeksdRBg==",
    ],

    "form-data": [
      "form-data@2.5.3",
      "",
      {
        "dependencies": {
          "asynckit": "^0.4.0",
          "combined-stream": "^1.0.8",
          "es-set-tostringtag": "^2.1.0",
          "mime-types": "^2.1.35",
          "safe-buffer": "^5.2.1",
        },
      },
      "sha512-XHIrMD0NpDrNM/Ckf7XJiBbLl57KEhT3+i3yY+eWm+cqYZJQTZrKo8Y8AWKnuV5GT4scfuUGt9LzNoIx3dU1nQ==",
    ],

    "fs.realpath": [
      "fs.realpath@1.0.0",
      "",
      {},
      "sha512-OO0pH2lK6a0hZnAdau5ItzHPI6pUlvI7jMVnxUQRtw4owF2wk8lOSabtGDCTP4Ggrg2MbGnWO9X8K1t4+fGMDw==",
    ],

    "function-bind": [
      "function-bind@1.1.2",
      "",
      {},
      "sha512-7XHNxH7qX9xG5mIwxkhumTox/MIRNcOgDrxWsMt2pAr23WHp6MrRlN7FBSFpCpr+oVO0F744iUgR82nJMfG2SA==",
    ],

    "get-intrinsic": [
      "get-intrinsic@1.3.0",
      "",
      {
        "dependencies": {
          "call-bind-apply-helpers": "^1.0.2",
          "es-define-property": "^1.0.1",
          "es-errors": "^1.3.0",
          "es-object-atoms": "^1.1.1",
          "function-bind": "^1.1.2",
          "get-proto": "^1.0.1",
          "gopd": "^1.2.0",
          "has-symbols": "^1.1.0",
          "hasown": "^2.0.2",
          "math-intrinsics": "^1.1.0",
        },
      },
      "sha512-9fSjSaos/fRIVIp+xSJlE6lfwhES7LNtKaCBIamHsjr2na1BiABJPo0mOjjz8GJDURarmCPGqaiVg5mfjb98CQ==",
    ],

    "get-proto": [
      "get-proto@1.0.1",
      "",
      {
        "dependencies": {
          "dunder-proto": "^1.0.1",
          "es-object-atoms": "^1.0.0",
        },
      },
      "sha512-sTSfBjoXBp89JvIKIefqw7U2CCebsc74kiY6awiGogKtoSGbgjYE/G/+l9sF3MWFPNc9IcoOC4ODfKHfxFmp0g==",
    ],

    "glob": [
      "glob@7.2.3",
      "",
      {
        "dependencies": {
          "fs.realpath": "^1.0.0",
          "inflight": "^1.0.4",
          "inherits": "2",
          "minimatch": "^3.1.1",
          "once": "^1.3.0",
          "path-is-absolute": "^1.0.0",
        },
      },
      "sha512-nFR0zLpU2YCaRxwoCJvL6UvCH2JFyFVIvwTLsIf21AuHlMskA1hhTdk+LlYJtOlYt9v6dvszD2BGRqBL+iQK9Q==",
    ],

    "gopd": [
      "gopd@1.2.0",
      "",
      {},
      "sha512-ZUKRh6/kUFoAiTAtTYPZJ3hw9wNxx+BIBOijnlG9PnrJsCcSjs1wyyD6vJpaYtgnzDrKYRSqf3OO6Rfa93xsRg==",
    ],

    "has-symbols": [
      "has-symbols@1.1.0",
      "",
      {},
      "sha512-1cDNdwJ2Jaohmb3sg4OmKaMBwuC48sYni5HUw2DvsC8LjGTLK9h+eb1X6RyuOHe4hT0ULCW68iomhjUoKUqlPQ==",
    ],

    "has-tostringtag": [
      "has-tostringtag@1.0.2",
      "",
      { "dependencies": { "has-symbols": "^1.0.3" } },
      "sha512-NqADB8VjPFLM2V0VvHUewwwsw0ZWBaIdgo+ieHtK3hasLz4qeCRjYcqfB6AQrBggRKppKF8L52/VqdVsO47Dlw==",
    ],

    "hasown": [
      "hasown@2.0.2",
      "",
      { "dependencies": { "function-bind": "^1.1.2" } },
      "sha512-0hJU9SCPvmMzIBdZFqNPXWa6dqh7WdH0cII9y+CyS8rG3nL48Bclra9HmKhVVUHyPWNH5Y7xDwAB7bfgSjkUMQ==",
    ],

    "http-proxy-agent": [
      "http-proxy-agent@7.0.2",
      "",
      { "dependencies": { "agent-base": "^7.1.0", "debug": "^4.3.4" } },
      "sha512-T1gkAiYYDWYx3V5Bmyu7HcfcvL7mUrTWiM6yOfa3PIphViJ/gFPbvidQ+veqSOHci/PxBcDabeUNCzpOODJZig==",
    ],

    "https-proxy-agent": [
      "https-proxy-agent@7.0.6",
      "",
      { "dependencies": { "agent-base": "^7.1.2", "debug": "4" } },
      "sha512-vK9P5/iUfdl95AI+JVyUuIcVtd4ofvtrOr3HNtM2yxC9bnMbEdp3x01OhQNnjb8IJYi38VlTE3mBXwcfvywuSw==",
    ],

    "inflight": [
      "inflight@1.0.6",
      "",
      { "dependencies": { "once": "^1.3.0", "wrappy": "1" } },
      "sha512-k92I/b08q4wvFscXCLvqfsHCrjrF7yiXsQuIVvVE7N82W3+aqpzuUdBbfhWcy/FZR3/4IgflMgKLOsvPDrGCJA==",
    ],

    "inherits": [
      "inherits@2.0.4",
      "",
      {},
      "sha512-k/vGaX4/Yla3WzyMCvTQOXYeIHvqOKtnqBduzTHpzpQZzAskKMhZ2K+EnBiSM9zGSoIFeMpXKxa4dYeZIQqewQ==",
    ],

    "lodash": [
      "lodash@4.17.21",
      "",
      {},
      "sha512-v2kDEe57lecTulaDIuNTPy3Ry4gLGJ6Z1O3vE1krgXZNrsQ+LFTGHVxVjcXPs17LhbZVGedAJv8XZ1tvj5FvSg==",
    ],

    "lower-case": [
      "lower-case@2.0.2",
      "",
      { "dependencies": { "tslib": "^2.0.3" } },
      "sha512-7fm3l3NAF9WfN6W3JOmf5drwpVqX78JtoGJ3A6W0a6ZnldM41w2fV5D490psKFTpMds8TJse/eHLFFsNHHjHgg==",
    ],

    "math-intrinsics": [
      "math-intrinsics@1.1.0",
      "",
      {},
      "sha512-/IXtbwEk5HTPyEwyKX6hGkYXxM9nbj64B+ilVJnC/R6B0pH5G4V3b0pVbL7DBj4tkhBAppbQUlf6F6Xl9LHu1g==",
    ],

    "mime-db": [
      "mime-db@1.52.0",
      "",
      {},
      "sha512-sPU4uV7dYlvtWJxwwxHD0PuihVNiE7TyAbQ5SWxDCB9mUYvOgroQOwYQQOKPJ8CIbE+1ETVlOoK1UC2nU3gYvg==",
    ],

    "mime-types": [
      "mime-types@2.1.35",
      "",
      { "dependencies": { "mime-db": "1.52.0" } },
      "sha512-ZDY+bPm5zTTF+YpCrAU9nK0UgICYPT0QtT1NZWFv4s++TNkcgVaT0g6+4R2uI4MjQjzysHB1zxuWL50hzaeXiw==",
    ],

    "minimatch": [
      "minimatch@3.1.2",
      "",
      { "dependencies": { "brace-expansion": "^1.1.7" } },
      "sha512-J7p63hRiAjw1NDEww1W7i37+ByIrOWO5XQQAzZ3VOcL0PNybwpfmV/N05zFAzwQ9USyEcX6t3UO+K5aqBQOIHw==",
    ],

    "ms": [
      "ms@2.1.3",
      "",
      {},
      "sha512-6FlzubTLZG3J2a/NVCAleEhjzq5oxgHyaCU9yYXvcLsvoVaHJq/s5xXI6/XXP6tz7R9xAOtHnSO/tXtF3WRTlA==",
    ],

    "no-case": [
      "no-case@3.0.4",
      "",
      { "dependencies": { "lower-case": "^2.0.2", "tslib": "^2.0.3" } },
      "sha512-fgAN3jGAh+RoxUGZHTSOLJIqUc2wmoBwGR4tbpNAKmmovFoWq0OdRkb0VkldReO2a2iBT/OEulG9XSUc10r3zg==",
    ],

    "node-fetch": [
      "node-fetch@2.7.0",
      "",
      {
        "dependencies": { "whatwg-url": "^5.0.0" },
        "peerDependencies": { "encoding": "^0.1.0" },
        "optionalPeers": ["encoding"],
      },
      "sha512-c4FRfUm/dbcWZ7U+1Wq0AwCyFL+3nt2bEw05wfxSz+DWpWsitgmSgYmy2dQdWyKC1694ELPqMs/YzUSNozLt8A==",
    ],

    "once": [
      "once@1.4.0",
      "",
      { "dependencies": { "wrappy": "1" } },
      "sha512-lNaJgI+2Q5URQBkccEKHTQOPaXdUxnZZElQTZY0MFUAuaEqe1E+Nyvgdz/aIyNi6Z9MzO5dv1H8n58/GELp3+w==",
    ],

    "pascal-case": [
      "pascal-case@3.1.2",
      "",
      { "dependencies": { "no-case": "^3.0.4", "tslib": "^2.0.3" } },
      "sha512-uWlGT3YSnK9x3BQJaOdcZwrnV6hPpd8jFH1/ucpiLRPh/2zCVJKS19E4GvYHvaCcACn3foXZ0cLB9Wrx1KGe5g==",
    ],

    "path-is-absolute": [
      "path-is-absolute@1.0.1",
      "",
      {},
      "sha512-AVbw3UJ2e9bq64vSaS9Am0fje1Pa8pbGqTTsmXfaIiMpnr5DlDhfJOuLj9Sf95ZPVDAUerDfEk88MPmPe7UCQg==",
    ],

    "path-to-regexp": [
      "path-to-regexp@6.3.0",
      "",
      {},
      "sha512-Yhpw4T9C6hPpgPeA28us07OJeqZ5EzQTkbfwuhsUg0c237RomFoETJgmp2sa3F/41gfLE6G5cqcYwznmeEeOlQ==",
    ],

    "prettier": [
      "prettier@3.4.2",
      "",
      { "bin": { "prettier": "bin/prettier.cjs" } },
      "sha512-e9MewbtFo+Fevyuxn/4rrcDAaq0IYxPGLvObpQjiZBMAzB9IGmzlnG9RZy3FFas+eBMu2vA0CszMeduow5dIuQ==",
    ],

    "safe-buffer": [
      "safe-buffer@5.2.1",
      "",
      {},
      "sha512-rp3So07KcdmmKbGvgaNxQSJr7bGVSVk5S9Eq1F+ppbRo70+YeaDxkw5Dd8NPN+GD6bjnYm2VuPuCXmpuYvmCXQ==",
    ],

    "sax": [
      "sax@1.4.1",
      "",
      {},
      "sha512-+aWOz7yVScEGoKNd4PA10LZ8sk0A/z5+nXQG5giUO5rprX9jgYsTdov9qCchZiPIZezbZH+jRut8nPodFAX4Jg==",
    ],

    "semver": [
      "semver@6.3.1",
      "",
      { "bin": { "semver": "bin/semver.js" } },
      "sha512-BR7VvDCVHO+q2xBEWskxS6DJE1qRnb7DxzUrogb71CWoSficBxYsiAGd+Kl0mmq/MprG9yArRkyrQxTO6XjMzA==",
    ],

    "strnum": [
      "strnum@2.0.5",
      "",
      {},
      "sha512-YAT3K/sgpCUxhxNMrrdhtod3jckkpYwH6JAuwmUdXZsmzH1wUyzTMrrK2wYCEEqlKwrWDd35NeuUkbBy/1iK+Q==",
    ],

    "tr46": [
      "tr46@0.0.3",
      "",
      {},
      "sha512-N3WMsuqV66lT30CrXNbEjx4GEwlow3v6rr4mCcv6prnfwhS01rkgyFdjPNBYd9br7LpXV1+Emh01fHnq2Gdgrw==",
    ],

    "ts-poet": [
      "ts-poet@4.15.0",
      "",
      { "dependencies": { "lodash": "^4.17.15", "prettier": "^2.5.1" } },
      "sha512-sLLR8yQBvHzi9d4R1F4pd+AzQxBfzOSSjfxiJxQhkUoH5bL7RsAC6wgvtVUQdGqiCsyS9rT6/8X2FI7ipdir5g==",
    ],

    "tslib": [
      "tslib@2.8.1",
      "",
      {},
      "sha512-oJFu94HQb+KVduSUQL7wnpmqnfmLsOA/nAh6b6EH0wCEoK0/mPeXU6c3wKDV83MkOuHPRHtSXKKU99IBazS/2w==",
    ],

    "tunnel": [
      "tunnel@0.0.6",
      "",
      {},
      "sha512-1h/Lnq9yajKY2PEbBadPXj3VxsDDu844OnaAo52UVmIzIvwwtBPIuNvkjuzBlTWpfJyUbG3ez0KSBibQkj4ojg==",
    ],

    "twirp-ts": [
      "twirp-ts@2.5.0",
      "",
      {
        "dependencies": {
          "@protobuf-ts/plugin-framework": "^2.0.7",
          "camel-case": "^4.1.2",
          "dot-object": "^2.1.4",
          "path-to-regexp": "^6.2.0",
          "ts-poet": "^4.5.0",
          "yaml": "^1.10.2",
        },
        "peerDependencies": {
          "@protobuf-ts/plugin": "^2.5.0",
          "ts-proto": "^1.81.3",
        },
        "optionalPeers": ["@protobuf-ts/plugin", "ts-proto"],
        "bin": { "protoc-gen-twirp_ts": "protoc-gen-twirp_ts" },
      },
      "sha512-JTKIK5Pf/+3qCrmYDFlqcPPUx+ohEWKBaZy8GL8TmvV2VvC0SXVyNYILO39+GCRbqnuP6hBIF+BVr8ZxRz+6fw==",
    ],

    "typescript": [
      "typescript@5.7.2",
      "",
      { "bin": { "tsc": "bin/tsc", "tsserver": "bin/tsserver" } },
      "sha512-i5t66RHxDvVN40HfDd1PsEThGNnlMCMT3jMUuoh9/0TaqWevNontacunWyN02LA9/fIbEWlcHZcgTKb9QoaLfg==",
    ],

    "undici": [
      "undici@5.29.0",
      "",
      { "dependencies": { "@fastify/busboy": "^2.0.0" } },
      "sha512-raqeBD6NQK4SkWhQzeYKd1KmIG6dllBOTt55Rmkt4HtI9mwdWtJljnrXjAFUBLTSN67HWrOIZ3EPF4kjUw80Bg==",
    ],

    "undici-types": [
      "undici-types@6.20.0",
      "",
      {},
      "sha512-Ny6QZ2Nju20vw1SRHe3d9jVu6gJ+4e3+MMpqu7pqE5HT6WsTSlce++GQmK5UXS8mzV8DSYHrQH+Xrf2jVcuKNg==",
    ],

    "universal-user-agent": [
      "universal-user-agent@6.0.1",
      "",
      {},
      "sha512-yCzhz6FN2wU1NiiQRogkTQszlQSlpWaw8SvVegAc+bDxbzHgh1vX8uIe8OYyMH6DwH+sdTJsgMl36+mSMdRJIQ==",
    ],

    "uuid": [
      "uuid@11.1.0",
      "",
      { "bin": { "uuid": "dist/esm/bin/uuid" } },
      "sha512-0/A9rDy9P7cJ+8w1c9WD9V//9Wj15Ce2MPz8Ri6032usz+NfePxx5AcN3bN+r6ZL6jEo066/yNYB3tn4pQEx+A==",
    ],

    "webidl-conversions": [
      "webidl-conversions@3.0.1",
      "",
      {},
      "sha512-2JAn3z8AR6rjK8Sm8orRC0h/bcl/DqL7tRPdGZ4I1CjdF+EaMLmYxBHyXuKL849eucPFhvBoxMsflfOb8kxaeQ==",
    ],

    "whatwg-url": [
      "whatwg-url@5.0.0",
      "",
      { "dependencies": { "tr46": "~0.0.3", "webidl-conversions": "^3.0.0" } },
      "sha512-saE57nupxk6v3HY35+jzBwYa0rKSy0XR8JSxZPwgLr7ys0IBzhGviA1/TUGJLmSVqs8pb9AnvICXEuOHLprYTw==",
    ],

    "wrappy": [
      "wrappy@1.0.2",
      "",
      {},
      "sha512-l4Sp/DRseor9wL6EvV2+TuQn63dMkPjZ/sp9XkghTEbV9KlPS1xUsZ3u7/IQO4wxtcFB4bgpQPRcR3QCvezPcQ==",
    ],

    "xml2js": [
      "xml2js@0.5.0",
      "",
      { "dependencies": { "sax": ">=0.6.0", "xmlbuilder": "~11.0.0" } },
      "sha512-drPFnkQJik/O+uPKpqSgr22mpuFHqKdbS835iAQrUC73L2F5WkboIRd63ai/2Yg6I1jzifPFKH2NTK+cfglkIA==",
    ],

    "xmlbuilder": [
      "xmlbuilder@11.0.1",
      "",
      {},
      "sha512-fDlsI/kFEx7gLvbecc0/ohLG50fugQp8ryHzMTuW9vSa1GJ0XYWKnhsUx7oie3G98+r56aTQIUB4kht42R3JvA==",
    ],

    "yaml": [
      "yaml@1.10.2",
      "",
      {},
      "sha512-r3vXyErRCYJ7wg28yvBY5VSoAF8ZvlcW9/BwUzEtUsjvX/DKs24dIkuwjtuprwJJHsbyUbLApepYTR1BN4uHrg==",
    ],

    "@actions/cache/@actions/glob": [
      "@actions/glob@0.1.2",
      "",
      { "dependencies": { "@actions/core": "^1.2.6", "minimatch": "^3.0.4" } },
      "sha512-SclLR7Ia5sEqjkJTPs7Sd86maMDw43p769YxBOxvPvEWuPEhpAnBsQfENOpXjFYMmhCqd127bmf+YdvJqVqR4A==",
    ],

    "@azure/core-auth/@azure/abort-controller": [
      "@azure/abort-controller@2.1.2",
      "",
      { "dependencies": { "tslib": "^2.6.2" } },
      "sha512-nBrLsEWm4J2u5LpAPjxADTlq3trDgVZZXHNKabeXZtpq3d3AbN/KGO82R87rdDz5/lYB024rtEf10/q0urNgsA==",
    ],

    "@azure/core-client/@azure/abort-controller": [
      "@azure/abort-controller@2.1.2",
      "",
      { "dependencies": { "tslib": "^2.6.2" } },
      "sha512-nBrLsEWm4J2u5LpAPjxADTlq3trDgVZZXHNKabeXZtpq3d3AbN/KGO82R87rdDz5/lYB024rtEf10/q0urNgsA==",
    ],

    "@azure/core-http-compat/@azure/abort-controller": [
      "@azure/abort-controller@2.1.2",
      "",
      { "dependencies": { "tslib": "^2.6.2" } },
      "sha512-nBrLsEWm4J2u5LpAPjxADTlq3trDgVZZXHNKabeXZtpq3d3AbN/KGO82R87rdDz5/lYB024rtEf10/q0urNgsA==",
    ],

    "@azure/core-lro/@azure/abort-controller": [
      "@azure/abort-controller@2.1.2",
      "",
      { "dependencies": { "tslib": "^2.6.2" } },
      "sha512-nBrLsEWm4J2u5LpAPjxADTlq3trDgVZZXHNKabeXZtpq3d3AbN/KGO82R87rdDz5/lYB024rtEf10/q0urNgsA==",
    ],

    "@azure/core-rest-pipeline/@azure/abort-controller": [
      "@azure/abort-controller@2.1.2",
      "",
      { "dependencies": { "tslib": "^2.6.2" } },
      "sha512-nBrLsEWm4J2u5LpAPjxADTlq3trDgVZZXHNKabeXZtpq3d3AbN/KGO82R87rdDz5/lYB024rtEf10/q0urNgsA==",
    ],

    "@azure/core-util/@azure/abort-controller": [
      "@azure/abort-controller@2.1.2",
      "",
      { "dependencies": { "tslib": "^2.6.2" } },
      "sha512-nBrLsEWm4J2u5LpAPjxADTlq3trDgVZZXHNKabeXZtpq3d3AbN/KGO82R87rdDz5/lYB024rtEf10/q0urNgsA==",
    ],

    "@azure/ms-rest-js/tslib": [
      "tslib@1.14.1",
      "",
      {},
      "sha512-Xni35NKzjgMrwevysHTCArtLDpPvye8zV/0E4EyYn43P7/7qvQwPh9BGkHewbMulVntbigmcT7rdX3BNo9wRJg==",
    ],

    "@azure/ms-rest-js/uuid": [
      "uuid@8.3.2",
      "",
      { "bin": { "uuid": "dist/bin/uuid" } },
      "sha512-+NYs2QeMWy+GWFOEm9xnn6HCDp0l7QBD7ml8zLUmJ+93Q5NF0NocErnwkTkXVFNiX3/fpC6afS8Dhb/gz7R7eg==",
    ],

    "@azure/storage-blob/@azure/abort-controller": [
      "@azure/abort-controller@2.1.2",
      "",
      { "dependencies": { "tslib": "^2.6.2" } },
      "sha512-nBrLsEWm4J2u5LpAPjxADTlq3trDgVZZXHNKabeXZtpq3d3AbN/KGO82R87rdDz5/lYB024rtEf10/q0urNgsA==",
    ],

    "@octokit/plugin-paginate-rest/@octokit/types": [
      "@octokit/types@12.6.0",
      "",
      { "dependencies": { "@octokit/openapi-types": "^20.0.0" } },
      "sha512-1rhSOfRa6H9w4YwK0yrf5faDaDTb+yLyBUKOCV4xtCDB5VmIPqd/v9yr9o6SAzOAlRxMiRiCic6JVM1/kunVkw==",
    ],

    "@octokit/plugin-rest-endpoint-methods/@octokit/types": [
      "@octokit/types@12.6.0",
      "",
      { "dependencies": { "@octokit/openapi-types": "^20.0.0" } },
      "sha512-1rhSOfRa6H9w4YwK0yrf5faDaDTb+yLyBUKOCV4xtCDB5VmIPqd/v9yr9o6SAzOAlRxMiRiCic6JVM1/kunVkw==",
    ],

    "@protobuf-ts/plugin/typescript": [
      "typescript@3.9.10",
      "",
      { "bin": { "tsc": "bin/tsc", "tsserver": "bin/tsserver" } },
      "sha512-w6fIxVE/H1PkLKcCPsFqKE7Kv7QUwhU8qQY2MueZXWx5cPZdwFupLgKK3vntcK98BtNHZtAF4LA/yl2a7k8R6Q==",
    ],

    "@protobuf-ts/plugin-framework/typescript": [
      "typescript@3.9.10",
      "",
      { "bin": { "tsc": "bin/tsc", "tsserver": "bin/tsserver" } },
      "sha512-w6fIxVE/H1PkLKcCPsFqKE7Kv7QUwhU8qQY2MueZXWx5cPZdwFupLgKK3vntcK98BtNHZtAF4LA/yl2a7k8R6Q==",
    ],

    "ts-poet/prettier": [
      "prettier@2.8.8",
      "",
      { "bin": { "prettier": "bin-prettier.js" } },
      "sha512-tdN8qQGvNjw4CHbY+XXk0JgCXn9QiF21a55rBe5LJAU+kDyC4WQn4+awm2Xfk2lQMk5fKup9XgzTZtGkjBdP9Q==",
    ],

    "@octokit/plugin-paginate-rest/@octokit/types/@octokit/openapi-types": [
      "@octokit/openapi-types@20.0.0",
      "",
      {},
      "sha512-EtqRBEjp1dL/15V7WiX5LJMIxxkdiGJnabzYx5Apx4FkQIFgAfKumXeYAqqJCj1s+BMX4cPFIFC4OLCR6stlnA==",
    ],

    "@octokit/plugin-rest-endpoint-methods/@octokit/types/@octokit/openapi-types": [
      "@octokit/openapi-types@20.0.0",
      "",
      {},
      "sha512-EtqRBEjp1dL/15V7WiX5LJMIxxkdiGJnabzYx5Apx4FkQIFgAfKumXeYAqqJCj1s+BMX4cPFIFC4OLCR6stlnA==",
    ],
  },
}
